// !$*UTF8*$!
{
	archiveVersion = 1;
	classes = {
	};
	objectVersion = 46;
	objects = {

/* Begin PBXBuildFile section */
		3F56BA521D4A085C008B48B6 /* main.m in Sources */ = {isa = PBXBuildFile; fileRef = 3F56BA511D4A085C008B48B6 /* main.m */; };
		3F56BA551D4A085C008B48B6 /* AppDelegate.m in Sources */ = {isa = PBXBuildFile; fileRef = 3F56BA541D4A085C008B48B6 /* AppDelegate.m */; };
		3F56BA581D4A085C008B48B6 /* ViewController.m in Sources */ = {isa = PBXBuildFile; fileRef = 3F56BA571D4A085C008B48B6 /* ViewController.m */; };
		3F56BA5B1D4A085C008B48B6 /* Main.storyboard in Resources */ = {isa = PBXBuildFile; fileRef = 3F56BA591D4A085C008B48B6 /* Main.storyboard */; };
		3F56BA5D1D4A085C008B48B6 /* Assets.xcassets in Resources */ = {isa = PBXBuildFile; fileRef = 3F56BA5C1D4A085C008B48B6 /* Assets.xcassets */; };
		3F56BA601D4A085C008B48B6 /* LaunchScreen.storyboard in Resources */ = {isa = PBXBuildFile; fileRef = 3F56BA5E1D4A085C008B48B6 /* LaunchScreen.storyboard */; };
		3F56BA6B1D4A085C008B48B6 /* dsadTests.m in Sources */ = {isa = PBXBuildFile; fileRef = 3F56BA6A1D4A085C008B48B6 /* dsadTests.m */; };
/* End PBXBuildFile section */

/* Begin PBXContainerItemProxy section */
		3F56BA671D4A085C008B48B6 /* PBXContainerItemProxy */ = {
			isa = PBXContainerItemProxy;
			containerPortal = 3F56BA451D4A085C008B48B6 /* Project object */;
			proxyType = 1;
			remoteGlobalIDString = 3F56BA4C1D4A085C008B48B6;
			remoteInfo = dsad;
		};
/* End PBXContainerItemProxy section */

/* Begin PBXFileReference section */
		3F56BA4D1D4A085C008B48B6 /* dsad.app */ = {isa = PBXFileReference; explicitFileType = wrapper.application; includeInIndex = 0; path = dsad.app; sourceTree = BUILT_PRODUCTS_DIR; };
		3F56BA511D4A085C008B48B6 /* main.m */ = {isa = PBXFileReference; lastKnownFileType = sourcecode.c.objc; path = main.m; sourceTree = "<group>"; };
		3F56BA531D4A085C008B48B6 /* AppDelegate.h */ = {isa = PBXFileReference; lastKnownFileType = sourcecode.c.h; path = AppDelegate.h; sourceTree = "<group>"; };
		3F56BA541D4A085C008B48B6 /* AppDelegate.m */ = {isa = PBXFileReference; lastKnownFileType = sourcecode.c.objc; path = AppDelegate.m; sourceTree = "<group>"; };
		3F56BA561D4A085C008B48B6 /* ViewController.h */ = {isa = PBXFileReference; lastKnownFileType = sourcecode.c.h; path = ViewController.h; sourceTree = "<group>"; };
		3F56BA571D4A085C008B48B6 /* ViewController.m */ = {isa = PBXFileReference; lastKnownFileType = sourcecode.c.objc; path = ViewController.m; sourceTree = "<group>"; };
		3F56BA5A1D4A085C008B48B6 /* Base */ = {isa = PBXFileReference; lastKnownFileType = file.storyboard; name = Base; path = Base.lproj/Main.storyboard; sourceTree = "<group>"; };
		3F56BA5C1D4A085C008B48B6 /* Assets.xcassets */ = {isa = PBXFileReference; lastKnownFileType = folder.assetcatalog; path = Assets.xcassets; sourceTree = "<group>"; };
		3F56BA5F1D4A085C008B48B6 /* Base */ = {isa = PBXFileReference; lastKnownFileType = file.storyboard; name = Base; path = Base.lproj/LaunchScreen.storyboard; sourceTree = "<group>"; };
		3F56BA611D4A085C008B48B6 /* Info.plist */ = {isa = PBXFileReference; lastKnownFileType = text.plist.xml; path = Info.plist; sourceTree = "<group>"; };
		3F56BA661D4A085C008B48B6 /* dsadTests.xctest */ = {isa = PBXFileReference; explicitFileType = wrapper.cfbundle; includeInIndex = 0; path = dsadTests.xctest; sourceTree = BUILT_PRODUCTS_DIR; };
		3F56BA6A1D4A085C008B48B6 /* dsadTests.m */ = {isa = PBXFileReference; lastKnownFileType = sourcecode.c.objc; path = dsadTests.m; sourceTree = "<group>"; };
		3F56BA6C1D4A085C008B48B6 /* Info.plist */ = {isa = PBXFileReference; lastKnownFileType = text.plist.xml; path = Info.plist; sourceTree = "<group>"; };
/* End PBXFileReference section */

/* Begin PBXFrameworksBuildPhase section */
		3F56BA4A1D4A085C008B48B6 /* Frameworks */ = {
			isa = PBXFrameworksBuildPhase;
			buildActionMask = 2147483647;
			files = (
			);
			runOnlyForDeploymentPostprocessing = 0;
		};
		3F56BA631D4A085C008B48B6 /* Frameworks */ = {
			isa = PBXFrameworksBuildPhase;
			buildActionMask = 2147483647;
			files = (
			);
			runOnlyForDeploymentPostprocessing = 0;
		};
/* End PBXFrameworksBuildPhase section */

/* Begin PBXGroup section */
		3F56BA441D4A085C008B48B6 = {
			isa = PBXGroup;
			children = (
				3F56BA4F1D4A085C008B48B6 /* dsad */,
				3F56BA691D4A085C008B48B6 /* dsadTests */,
				3F56BA4E1D4A085C008B48B6 /* Products */,
			);
			sourceTree = "<group>";
		};
		3F56BA4E1D4A085C008B48B6 /* Products */ = {
			isa = PBXGroup;
			children = (
				3F56BA4D1D4A085C008B48B6 /* dsad.app */,
				3F56BA661D4A085C008B48B6 /* dsadTests.xctest */,
			);
			name = Products;
			sourceTree = "<group>";
		};
		3F56BA4F1D4A085C008B48B6 /* dsad */ = {
			isa = PBXGroup;
			children = (
				3F56BA531D4A085C008B48B6 /* AppDelegate.h */,
				3F56BA541D4A085C008B48B6 /* AppDelegate.m */,
				3F56BA561D4A085C008B48B6 /* ViewController.h */,
				3F56BA571D4A085C008B48B6 /* ViewController.m */,
				3F56BA591D4A085C008B48B6 /* Main.storyboard */,
				3F56BA5C1D4A085C008B48B6 /* Assets.xcassets */,
				3F56BA5E1D4A085C008B48B6 /* LaunchScreen.storyboard */,
				3F56BA611D4A085C008B48B6 /* Info.plist */,
				3F56BA501D4A085C008B48B6 /* Supporting Files */,
			);
			path = dsad;
			sourceTree = "<group>";
		};
		3F56BA501D4A085C008B48B6 /* Supporting Files */ = {
			isa = PBXGroup;
			children = (
				3F56BA511D4A085C008B48B6 /* main.m */,
			);
			name = "Supporting Files";
			sourceTree = "<group>";
		};
		3F56BA691D4A085C008B48B6 /* dsadTests */ = {
			isa = PBXGroup;
			children = (
				3F56BA6A1D4A085C008B48B6 /* dsadTests.m */,
				3F56BA6C1D4A085C008B48B6 /* Info.plist */,
			);
			path = dsadTests;
			sourceTree = "<group>";
		};
/* End PBXGroup section */

/* Begin PBXNativeTarget section */
		3F56BA4C1D4A085C008B48B6 /* dsad */ = {
			isa = PBXNativeTarget;
			buildConfigurationList = 3F56BA6F1D4A085C008B48B6 /* Build configuration list for PBXNativeTarget "dsad" */;
			buildPhases = (
				3F56BA491D4A085C008B48B6 /* Sources */,
				3F56BA4A1D4A085C008B48B6 /* Frameworks */,
				3F56BA4B1D4A085C008B48B6 /* Resources */,
			);
			buildRules = (
			);
			dependencies = (
			);
			name = dsad;
			productName = dsad;
			productReference = 3F56BA4D1D4A085C008B48B6 /* dsad.app */;
			productType = "com.apple.product-type.application";
		};
		3F56BA651D4A085C008B48B6 /* dsadTests */ = {
			isa = PBXNativeTarget;
			buildConfigurationList = 3F56BA721D4A085C008B48B6 /* Build configuration list for PBXNativeTarget "dsadTests" */;
			buildPhases = (
				3F56BA621D4A085C008B48B6 /* Sources */,
				3F56BA631D4A085C008B48B6 /* Frameworks */,
				3F56BA641D4A085C008B48B6 /* Resources */,
			);
			buildRules = (
			);
			dependencies = (
				3F56BA681D4A085C008B48B6 /* PBXTargetDependency */,
			);
			name = dsadTests;
			productName = dsadTests;
			productReference = 3F56BA661D4A085C008B48B6 /* dsadTests.xctest */;
			productType = "com.apple.product-type.bundle.unit-test";
		};
/* End PBXNativeTarget section */

/* Begin PBXProject section */
		3F56BA451D4A085C008B48B6 /* Project object */ = {
			isa = PBXProject;
			attributes = {
				LastUpgradeCheck = 0700;
				ORGANIZATIONNAME = zhenghaiwen;
				TargetAttributes = {
					3F56BA4C1D4A085C008B48B6 = {
						CreatedOnToolsVersion = 7.0.1;
					};
					3F56BA651D4A085C008B48B6 = {
						CreatedOnToolsVersion = 7.0.1;
						TestTargetID = 3F56BA4C1D4A085C008B48B6;
					};
				};
			};
			buildConfigurationList = 3F56BA481D4A085C008B48B6 /* Build configuration list for PBXProject "dsad" */;
			compatibilityVersion = "Xcode 3.2";
			developmentRegion = English;
			hasScannedForEncodings = 0;
			knownRegions = (
				en,
				Base,
			);
			mainGroup = 3F56BA441D4A085C008B48B6;
			productRefGroup = 3F56BA4E1D4A085C008B48B6 /* Products */;
			projectDirPath = "";
			projectRoot = "";
			targets = (
				3F56BA4C1D4A085C008B48B6 /* dsad */,
				3F56BA651D4A085C008B48B6 /* dsadTests */,
			);
		};
/* End PBXProject section */

/* Begin PBXResourcesBuildPhase section */
		3F56BA4B1D4A085C008B48B6 /* Resources */ = {
			isa = PBXResourcesBuildPhase;
			buildActionMask = 2147483647;
			files = (
				3F56BA601D4A085C008B48B6 /* LaunchScreen.storyboard in Resources */,
				3F56BA5D1D4A085C008B48B6 /* Assets.xcassets in Resources */,
				3F56BA5B1D4A085C008B48B6 /* Main.storyboard in Resources */,
			);
			runOnlyForDeploymentPostprocessing = 0;
		};
		3F56BA641D4A085C008B48B6 /* Resources */ = {
			isa = PBXResourcesBuildPhase;
			buildActionMask = 2147483647;
			files = (
			);
			runOnlyForDeploymentPostprocessing = 0;
		};
/* End PBXResourcesBuildPhase section */

/* Begin PBXSourcesBuildPhase section */
		3F56BA491D4A085C008B48B6 /* Sources */ = {
			isa = PBXSourcesBuildPhase;
			buildActionMask = 2147483647;
			files = (
				3F56BA581D4A085C008B48B6 /* ViewController.m in Sources */,
				3F56BA551D4A085C008B48B6 /* AppDelegate.m in Sources */,
				3F56BA521D4A085C008B48B6 /* main.m in Sources */,
			);
			runOnlyForDeploymentPostprocessing = 0;
		};
		3F56BA621D4A085C008B48B6 /* Sources */ = {
			isa = PBXSourcesBuildPhase;
			buildActionMask = 2147483647;
			files = (
				3F56BA6B1D4A085C008B48B6 /* dsadTests.m in Sources */,
			);
			runOnlyForDeploymentPostprocessing = 0;
		};
/* End PBXSourcesBuildPhase section */

/* Begin PBXTargetDependency section */
		3F56BA681D4A085C008B48B6 /* PBXTargetDependency */ = {
			isa = PBXTargetDependency;
			target = 3F56BA4C1D4A085C008B48B6 /* dsad */;
			targetProxy = 3F56BA671D4A085C008B48B6 /* PBXContainerItemProxy */;
		};
/* End PBXTargetDependency section */

/* Begin PBXVariantGroup section */
		3F56BA591D4A085C008B48B6 /* Main.storyboard */ = {
			isa = PBXVariantGroup;
			children = (
				3F56BA5A1D4A085C008B48B6 /* Base */,
			);
			name = Main.storyboard;
			sourceTree = "<group>";
		};
		3F56BA5E1D4A085C008B48B6 /* LaunchScreen.storyboard */ = {
			isa = PBXVariantGroup;
			children = (
				3F56BA5F1D4A085C008B48B6 /* Base */,
			);
			name = LaunchScreen.storyboard;
			sourceTree = "<group>";
		};
/* End PBXVariantGroup section */

/* Begin XCBuildConfiguration section */
		3F56BA6D1D4A085C008B48B6 /* Debug */ = {
			isa = XCBuildConfiguration;
			buildSettings = {
				ALWAYS_SEARCH_USER_PATHS = NO;
				CLANG_CXX_LANGUAGE_STANDARD = "gnu++0x";
				CLANG_CXX_LIBRARY = "libc++";
				CLANG_ENABLE_MODULES = YES;
				CLANG_ENABLE_OBJC_ARC = YES;
				CLANG_WARN_BOOL_CONVERSION = YES;
				CLANG_WARN_CONSTANT_CONVERSION = YES;
				CLANG_WARN_DIRECT_OBJC_ISA_USAGE = YES_ERROR;
				CLANG_WARN_EMPTY_BODY = YES;
				CLANG_WARN_ENUM_CONVERSION = YES;
				CLANG_WARN_INT_CONVERSION = YES;
				CLANG_WARN_OBJC_ROOT_CLASS = YES_ERROR;
				CLANG_WARN_UNREACHABLE_CODE = YES;
				CLANG_WARN__DUPLICATE_METHOD_MATCH = YES;
				"CODE_SIGN_IDENTITY[sdk=iphoneos*]" = "iPhone Developer";
				COPY_PHASE_STRIP = NO;
				DEBUG_INFORMATION_FORMAT = dwarf;
				ENABLE_STRICT_OBJC_MSGSEND = YES;
				ENABLE_TESTABILITY = YES;
				GCC_C_LANGUAGE_STANDARD = gnu99;
				GCC_DYNAMIC_NO_PIC = NO;
				GCC_NO_COMMON_BLOCKS = YES;
				GCC_OPTIMIZATION_LEVEL = 0;
				GCC_PREPROCESSOR_DEFINITIONS = (
					"DEBUG=1",
					"$(inherited)",
				);
				GCC_WARN_64_TO_32_BIT_CONVERSION = YES;
				GCC_WARN_ABOUT_RETURN_TYPE = YES_ERROR;
				GCC_WARN_UNDECLARED_SELECTOR = YES;
				GCC_WARN_UNINITIALIZED_AUTOS = YES_AGGRESSIVE;
				GCC_WARN_UNUSED_FUNCTION = YES;
				GCC_WARN_UNUSED_VARIABLE = YES;
				IPHONEOS_DEPLOYMENT_TARGET = 9.0;
				MTL_ENABLE_DEBUG_INFO = YES;
				ONLY_ACTIVE_ARCH = YES;
				SDKROOT = iphoneos;
			};
			name = Debug;
		};
		3F56BA6E1D4A085C008B48B6 /* Release */ = {
			isa = XCBuildConfiguration;
			buildSettings = {
				ALWAYS_SEARCH_USER_PATHS = NO;
				CLANG_CXX_LANGUAGE_STANDARD = "gnu++0x";
				CLANG_CXX_LIBRARY = "libc++";
				CLANG_ENABLE_MODULES = YES;
				CLANG_ENABLE_OBJC_ARC = YES;
				CLANG_WARN_BOOL_CONVERSION = YES;
				CLANG_WARN_CONSTANT_CONVERSION = YES;
				CLANG_WARN_DIRECT_OBJC_ISA_USAGE = YES_ERROR;
				CLANG_WARN_EMPTY_BODY = YES;
				CLANG_WARN_ENUM_CONVERSION = YES;
				CLANG_WARN_INT_CONVERSION = YES;
				CLANG_WARN_OBJC_ROOT_CLASS = YES_ERROR;
				CLANG_WARN_UNREACHABLE_CODE = YES;
				CLANG_WARN__DUPLICATE_METHOD_MATCH = YES;
				"CODE_SIGN_IDENTITY[sdk=iphoneos*]" = "iPhone Developer";
				COPY_PHASE_STRIP = NO;
				DEBUG_INFORMATION_FORMAT = "dwarf-with-dsym";
				ENABLE_NS_ASSERTIONS = NO;
				ENABLE_STRICT_OBJC_MSGSEND = YES;
				GCC_C_LANGUAGE_STANDARD = gnu99;
				GCC_NO_COMMON_BLOCKS = YES;
				GCC_WARN_64_TO_32_BIT_CONVERSION = YES;
				GCC_WARN_ABOUT_RETURN_TYPE = YES_ERROR;
				GCC_WARN_UNDECLARED_SELECTOR = YES;
				GCC_WARN_UNINITIALIZED_AUTOS = YES_AGGRESSIVE;
				GCC_WARN_UNUSED_FUNCTION = YES;
				GCC_WARN_UNUSED_VARIABLE = YES;
				IPHONEOS_DEPLOYMENT_TARGET = 9.0;
				MTL_ENABLE_DEBUG_INFO = NO;
				SDKROOT = iphoneos;
				VALIDATE_PRODUCT = YES;
			};
			name = Release;
		};
		3F56BA701D4A085C008B48B6 /* Debug */ = {
			isa = XCBuildConfiguration;
			buildSettings = {
				ASSETCATALOG_COMPILER_APPICON_NAME = AppIcon;
				INFOPLIST_FILE = dsad/Info.plist;
				LD_RUNPATH_SEARCH_PATHS = "$(inherited) @executable_path/Frameworks";
				PRODUCT_BUNDLE_IDENTIFIER = com.lanou3g.dsad;
				PRODUCT_NAME = "$(TARGET_NAME)";
			};
			name = Debug;
		};
		3F56BA711D4A085C008B48B6 /* Release */ = {
			isa = XCBuildConfiguration;
			buildSettings = {
				ASSETCATALOG_COMPILER_APPICON_NAME = AppIcon;
				INFOPLIST_FILE = dsad/Info.plist;
				LD_RUNPATH_SEARCH_PATHS = "$(inherited) @executable_path/Frameworks";
				PRODUCT_BUNDLE_IDENTIFIER = com.lanou3g.dsad;
				PRODUCT_NAME = "$(TARGET_NAME)";
			};
			name = Release;
		};
		3F56BA731D4A085C008B48B6 /* Debug */ = {
			isa = XCBuildConfiguration;
			buildSettings = {
				BUNDLE_LOADER = "$(TEST_HOST)";
				INFOPLIST_FILE = dsadTests/Info.plist;
				LD_RUNPATH_SEARCH_PATHS = "$(inherited) @executable_path/Frameworks @loader_path/Frameworks";
				PRODUCT_BUNDLE_IDENTIFIER = com.lanou3g.dsadTests;
				PRODUCT_NAME = "$(TARGET_NAME)";
				TEST_HOST = "$(BUILT_PRODUCTS_DIR)/dsad.app/dsad";
			};
			name = Debug;
		};
		3F56BA741D4A085C008B48B6 /* Release */ = {
			isa = XCBuildConfiguration;
			buildSettings = {
				BUNDLE_LOADER = "$(TEST_HOST)";
				INFOPLIST_FILE = dsadTests/Info.plist;
				LD_RUNPATH_SEARCH_PATHS = "$(inherited) @executable_path/Frameworks @loader_path/Frameworks";
				PRODUCT_BUNDLE_IDENTIFIER = com.lanou3g.dsadTests;
				PRODUCT_NAME = "$(TARGET_NAME)";
				TEST_HOST = "$(BUILT_PRODUCTS_DIR)/dsad.app/dsad";
			};
			name = Release;
		};
/* End XCBuildConfiguration section */

/* Begin XCConfigurationList section */
		3F56BA481D4A085C008B48B6 /* Build configuration list for PBXProject "dsad" */ = {
			isa = XCConfigurationList;
			buildConfigurations = (
				3F56BA6D1D4A085C008B48B6 /* Debug */,
				3F56BA6E1D4A085C008B48B6 /* Release */,
			);
			defaultConfigurationIsVisible = 0;
			defaultConfigurationName = Release;
		};
		3F56BA6F1D4A085C008B48B6 /* Build configuration list for PBXNativeTarget "dsad" */ = {
			isa = XCConfigurationList;
			buildConfigurations = (
				3F56BA701D4A085C008B48B6 /* Debug */,
				3F56BA711D4A085C008B48B6 /* Release */,
			);
			defaultConfigurationIsVisible = 0;
		};
		3F56BA721D4A085C008B48B6 /* Build configuration list for PBXNativeTarget "dsadTests" */ = {
			isa = XCConfigurationList;
			buildConfigurations = (
				3F56BA731D4A085C008B48B6 /* Debug */,
				3F56BA741D4A085C008B48B6 /* Release */,
			);
			defaultConfigurationIsVisible = 0;
		};
/* End XCConfigurationList section */
	};
	rootObject = 3F56BA451D4A085C008B48B6 /* Project object */;
}
